// !$*UTF8*$!
{
	archiveVersion = 1;
	classes = {
	};
	objectVersion = 46;
	objects = {

/* Begin PBXBuildFile section */
		966FA37A1615912F00A1C5F2 /* DrawLinesTest.m in Sources */ = {isa = PBXBuildFile; fileRef = 966FA3791615912F00A1C5F2 /* DrawLinesTest.m */; };
		966FA37D161591C800A1C5F2 /* SmoothLineView.m in Sources */ = {isa = PBXBuildFile; fileRef = 966FA37C161591C800A1C5F2 /* SmoothLineView.m */; };
		966FA380161592B000A1C5F2 /* SmoothLineViewBuffer.m in Sources */ = {isa = PBXBuildFile; fileRef = 966FA37F161592B000A1C5F2 /* SmoothLineViewBuffer.m */; };
		966FA3831615932300A1C5F2 /* PaintingSampleSmoothView.m in Sources */ = {isa = PBXBuildFile; fileRef = 966FA3821615932300A1C5F2 /* PaintingSampleSmoothView.m */; };
		966FA3861615937600A1C5F2 /* ArrayDrawingView.m in Sources */ = {isa = PBXBuildFile; fileRef = 966FA3851615937600A1C5F2 /* ArrayDrawingView.m */; };
		9695115D1615C7060032397D /* PaintSuperview.m in Sources */ = {isa = PBXBuildFile; fileRef = 9695115C1615C7050032397D /* PaintSuperview.m */; };
		9698107D1613090100819D10 /* QuartzCore.framework in Frameworks */ = {isa = PBXBuildFile; fileRef = 9698107C1613090100819D10 /* QuartzCore.framework */; };
		96A3A09F16121A0700CC8CE9 /* UIKit.framework in Frameworks */ = {isa = PBXBuildFile; fileRef = 96A3A09E16121A0700CC8CE9 /* UIKit.framework */; };
		96A3A0A116121A0700CC8CE9 /* Foundation.framework in Frameworks */ = {isa = PBXBuildFile; fileRef = 96A3A0A016121A0700CC8CE9 /* Foundation.framework */; };
		96A3A0A316121A0700CC8CE9 /* CoreGraphics.framework in Frameworks */ = {isa = PBXBuildFile; fileRef = 96A3A0A216121A0700CC8CE9 /* CoreGraphics.framework */; };
		96A3A0A916121A0700CC8CE9 /* InfoPlist.strings in Resources */ = {isa = PBXBuildFile; fileRef = 96A3A0A716121A0700CC8CE9 /* InfoPlist.strings */; };
		96A3A0AB16121A0700CC8CE9 /* main.m in Sources */ = {isa = PBXBuildFile; fileRef = 96A3A0AA16121A0700CC8CE9 /* main.m */; };
		96A3A0AF16121A0700CC8CE9 /* AppDelegate.m in Sources */ = {isa = PBXBuildFile; fileRef = 96A3A0AE16121A0700CC8CE9 /* AppDelegate.m */; };
		96A3A0B116121A0700CC8CE9 /* Default.png in Resources */ = {isa = PBXBuildFile; fileRef = 96A3A0B016121A0700CC8CE9 /* Default.png */; };
		96A3A0B316121A0700CC8CE9 /* Default@2x.png in Resources */ = {isa = PBXBuildFile; fileRef = 96A3A0B216121A0700CC8CE9 /* Default@2x.png */; };
		96A3A0B516121A0700CC8CE9 /* Default-568h@2x.png in Resources */ = {isa = PBXBuildFile; fileRef = 96A3A0B416121A0700CC8CE9 /* Default-568h@2x.png */; };
		96A3A0B816121A0700CC8CE9 /* MainStoryboard.storyboard in Resources */ = {isa = PBXBuildFile; fileRef = 96A3A0B616121A0700CC8CE9 /* MainStoryboard.storyboard */; };
		96A3A0BB16121A0700CC8CE9 /* MasterViewController.m in Sources */ = {isa = PBXBuildFile; fileRef = 96A3A0BA16121A0700CC8CE9 /* MasterViewController.m */; };
		96A3A0BE16121A0700CC8CE9 /* DetailViewController.m in Sources */ = {isa = PBXBuildFile; fileRef = 96A3A0BD16121A0700CC8CE9 /* DetailViewController.m */; };
		96A3A0C516121D4900CC8CE9 /* README.md in Resources */ = {isa = PBXBuildFile; fileRef = 96A3A0C416121D4900CC8CE9 /* README.md */; };
/* End PBXBuildFile section */

/* Begin PBXContainerItemProxy section */
		966FA3CE1615943900A1C5F2 /* PBXContainerItemProxy */ = {
			isa = PBXContainerItemProxy;
			containerPortal = 966FA3C61615943900A1C5F2 /* Smooth Line View.xcodeproj */;
			proxyType = 2;
			remoteGlobalIDString = 6B93BE6A13F3374200DFAB23;
			remoteInfo = "Smooth Line View";
		};
		966FA3D81615946E00A1C5F2 /* PBXContainerItemProxy */ = {
			isa = PBXContainerItemProxy;
			containerPortal = 966FA3D01615946E00A1C5F2 /* PathHitTesting.xcodeproj */;
			proxyType = 2;
			remoteGlobalIDString = 5D892D2B14D6F72B005B3273;
			remoteInfo = PathHitTesting;
		};
		966FA3E21615947500A1C5F2 /* PBXContainerItemProxy */ = {
			isa = PBXContainerItemProxy;
			containerPortal = 966FA3DA1615947500A1C5F2 /* drawing.xcodeproj */;
			proxyType = 2;
			remoteGlobalIDString = 6574263815216F0F0010CE1D;
			remoteInfo = drawing;
		};
		966FA3EC1615947A00A1C5F2 /* PBXContainerItemProxy */ = {
			isa = PBXContainerItemProxy;
			containerPortal = 966FA3E41615947900A1C5F2 /* DrawLines.xcodeproj */;
			proxyType = 2;
			remoteGlobalIDString = 23B78185137A56930009732A;
			remoteInfo = DrawLines;
		};
		966FA3F61615947F00A1C5F2 /* PBXContainerItemProxy */ = {
			isa = PBXContainerItemProxy;
			containerPortal = 966FA3EE1615947F00A1C5F2 /* GLPaint.xcodeproj */;
			proxyType = 2;
			remoteGlobalIDString = 1D6058910D05DD3D006BFB54;
			remoteInfo = GLPaint;
		};
		966FA4001615948300A1C5F2 /* PBXContainerItemProxy */ = {
			isa = PBXContainerItemProxy;
			containerPortal = 966FA3F81615948300A1C5F2 /* LineSmoothing.xcodeproj */;
			proxyType = 2;
			remoteGlobalIDString = ADFB817F141CCD950079512C;
			remoteInfo = LineSmoothing;
		};
		966FA40A1615948700A1C5F2 /* PBXContainerItemProxy */ = {
			isa = PBXContainerItemProxy;
			containerPortal = 966FA4021615948700A1C5F2 /* PaintingSample.xcodeproj */;
			proxyType = 2;
			remoteGlobalIDString = F138105E143F7971005CBF27;
			remoteInfo = PaintingSample;
		};
		966FA4141615949200A1C5F2 /* PBXContainerItemProxy */ = {
			isa = PBXContainerItemProxy;
			containerPortal = 966FA40C1615949200A1C5F2 /* RedoUndo.xcodeproj */;
			proxyType = 2;
			remoteGlobalIDString = 232DAE5D1394B4F3005339DA;
			remoteInfo = RedoUndo;
		};
		966FA41E1615949700A1C5F2 /* PBXContainerItemProxy */ = {
			isa = PBXContainerItemProxy;
			containerPortal = 966FA4161615949700A1C5F2 /* Smooth Drawing.xcodeproj */;
			proxyType = 2;
			remoteGlobalIDString = FBD0E92915457AF400FBE81E;
			remoteInfo = "Smooth Drawing";
		};
/* End PBXContainerItemProxy section */

/* Begin PBXFileReference section */
		966FA3781615912F00A1C5F2 /* DrawLinesTest.h */ = {isa = PBXFileReference; fileEncoding = 4; lastKnownFileType = sourcecode.c.h; name = DrawLinesTest.h; path = OwnTests/DrawLinesTest.h; sourceTree = "<group>"; };
		966FA3791615912F00A1C5F2 /* DrawLinesTest.m */ = {isa = PBXFileReference; fileEncoding = 4; lastKnownFileType = sourcecode.c.objc; name = DrawLinesTest.m; path = OwnTests/DrawLinesTest.m; sourceTree = "<group>"; };
		966FA37B161591C800A1C5F2 /* SmoothLineView.h */ = {isa = PBXFileReference; fileEncoding = 4; lastKnownFileType = sourcecode.c.h; name = SmoothLineView.h; path = OwnTests/SmoothLineView.h; sourceTree = "<group>"; };
		966FA37C161591C800A1C5F2 /* SmoothLineView.m */ = {isa = PBXFileReference; fileEncoding = 4; lastKnownFileType = sourcecode.c.objc; name = SmoothLineView.m; path = OwnTests/SmoothLineView.m; sourceTree = "<group>"; };
		966FA37E161592B000A1C5F2 /* SmoothLineViewBuffer.h */ = {isa = PBXFileReference; fileEncoding = 4; lastKnownFileType = sourcecode.c.h; name = SmoothLineViewBuffer.h; path = OwnTests/SmoothLineViewBuffer.h; sourceTree = "<group>"; };
		966FA37F161592B000A1C5F2 /* SmoothLineViewBuffer.m */ = {isa = PBXFileReference; fileEncoding = 4; lastKnownFileType = sourcecode.c.objc; name = SmoothLineViewBuffer.m; path = OwnTests/SmoothLineViewBuffer.m; sourceTree = "<group>"; };
		966FA3811615932300A1C5F2 /* PaintingSampleSmoothView.h */ = {isa = PBXFileReference; fileEncoding = 4; lastKnownFileType = sourcecode.c.h; name = PaintingSampleSmoothView.h; path = OwnTests/PaintingSampleSmoothView.h; sourceTree = "<group>"; };
		966FA3821615932300A1C5F2 /* PaintingSampleSmoothView.m */ = {isa = PBXFileReference; fileEncoding = 4; lastKnownFileType = sourcecode.c.objc; name = PaintingSampleSmoothView.m; path = OwnTests/PaintingSampleSmoothView.m; sourceTree = "<group>"; };
		966FA3841615937600A1C5F2 /* ArrayDrawingView.h */ = {isa = PBXFileReference; fileEncoding = 4; lastKnownFileType = sourcecode.c.h; name = ArrayDrawingView.h; path = OwnTests/ArrayDrawingView.h; sourceTree = "<group>"; };
		966FA3851615937600A1C5F2 /* ArrayDrawingView.m */ = {isa = PBXFileReference; fileEncoding = 4; lastKnownFileType = sourcecode.c.objc; name = ArrayDrawingView.m; path = OwnTests/ArrayDrawingView.m; sourceTree = "<group>"; };
		966FA3C61615943900A1C5F2 /* Smooth Line View.xcodeproj */ = {isa = PBXFileReference; lastKnownFileType = "wrapper.pb-project"; name = "Smooth Line View.xcodeproj"; path = "Smooth-Line-View/Smooth Line View.xcodeproj"; sourceTree = "<group>"; };
		966FA3D01615946E00A1C5F2 /* PathHitTesting.xcodeproj */ = {isa = PBXFileReference; lastKnownFileType = "wrapper.pb-project"; name = PathHitTesting.xcodeproj; path = CGPathHitTesting/PathHitTesting.xcodeproj; sourceTree = "<group>"; };
		966FA3DA1615947500A1C5F2 /* drawing.xcodeproj */ = {isa = PBXFileReference; lastKnownFileType = "wrapper.pb-project"; name = drawing.xcodeproj; path = Drawing/drawing.xcodeproj; sourceTree = "<group>"; };
		966FA3E41615947900A1C5F2 /* DrawLines.xcodeproj */ = {isa = PBXFileReference; lastKnownFileType = "wrapper.pb-project"; name = DrawLines.xcodeproj; path = DrawLines/DrawLines.xcodeproj; sourceTree = "<group>"; };
		966FA3EE1615947F00A1C5F2 /* GLPaint.xcodeproj */ = {isa = PBXFileReference; lastKnownFileType = "wrapper.pb-project"; name = GLPaint.xcodeproj; path = GLPaint/GLPaint.xcodeproj; sourceTree = "<group>"; };
		966FA3F81615948300A1C5F2 /* LineSmoothing.xcodeproj */ = {isa = PBXFileReference; lastKnownFileType = "wrapper.pb-project"; name = LineSmoothing.xcodeproj; path = LineSmoothing/LineSmoothing.xcodeproj; sourceTree = "<group>"; };
		966FA4021615948700A1C5F2 /* PaintingSample.xcodeproj */ = {isa = PBXFileReference; lastKnownFileType = "wrapper.pb-project"; name = PaintingSample.xcodeproj; path = PaintingSampleSmooth/PaintingSample.xcodeproj; sourceTree = "<group>"; };
		966FA40C1615949200A1C5F2 /* RedoUndo.xcodeproj */ = {isa = PBXFileReference; lastKnownFileType = "wrapper.pb-project"; name = RedoUndo.xcodeproj; path = RedoUndo/RedoUndo.xcodeproj; sourceTree = "<group>"; };
		966FA4161615949700A1C5F2 /* Smooth Drawing.xcodeproj */ = {isa = PBXFileReference; lastKnownFileType = "wrapper.pb-project"; name = "Smooth Drawing.xcodeproj"; path = "smooth-drawing/Smooth Drawing.xcodeproj"; sourceTree = "<group>"; };
		9695115B1615C7050032397D /* PaintSuperview.h */ = {isa = PBXFileReference; fileEncoding = 4; lastKnownFileType = sourcecode.c.h; name = PaintSuperview.h; path = OwnTests/PaintSuperview.h; sourceTree = "<group>"; };
		9695115C1615C7050032397D /* PaintSuperview.m */ = {isa = PBXFileReference; fileEncoding = 4; lastKnownFileType = sourcecode.c.objc; name = PaintSuperview.m; path = OwnTests/PaintSuperview.m; sourceTree = "<group>"; };
		9698107C1613090100819D10 /* QuartzCore.framework */ = {isa = PBXFileReference; lastKnownFileType = wrapper.framework; name = QuartzCore.framework; path = System/Library/Frameworks/QuartzCore.framework; sourceTree = SDKROOT; };
		9698129B1613097500819D10 /* SUMMARY */ = {isa = PBXFileReference; lastKnownFileType = text; path = SUMMARY; sourceTree = "<group>"; };
		96A3A09A16121A0700CC8CE9 /* FreeHandDrawing.app */ = {isa = PBXFileReference; explicitFileType = wrapper.application; includeInIndex = 0; path = FreeHandDrawing.app; sourceTree = BUILT_PRODUCTS_DIR; };
		96A3A09E16121A0700CC8CE9 /* UIKit.framework */ = {isa = PBXFileReference; lastKnownFileType = wrapper.framework; name = UIKit.framework; path = System/Library/Frameworks/UIKit.framework; sourceTree = SDKROOT; };
		96A3A0A016121A0700CC8CE9 /* Foundation.framework */ = {isa = PBXFileReference; lastKnownFileType = wrapper.framework; name = Foundation.framework; path = System/Library/Frameworks/Foundation.framework; sourceTree = SDKROOT; };
		96A3A0A216121A0700CC8CE9 /* CoreGraphics.framework */ = {isa = PBXFileReference; lastKnownFileType = wrapper.framework; name = CoreGraphics.framework; path = System/Library/Frameworks/CoreGraphics.framework; sourceTree = SDKROOT; };
		96A3A0A616121A0700CC8CE9 /* FreeHandDrawing-Info.plist */ = {isa = PBXFileReference; lastKnownFileType = text.plist.xml; path = "FreeHandDrawing-Info.plist"; sourceTree = "<group>"; };
		96A3A0A816121A0700CC8CE9 /* en */ = {isa = PBXFileReference; lastKnownFileType = text.plist.strings; name = en; path = en.lproj/InfoPlist.strings; sourceTree = "<group>"; };
		96A3A0AA16121A0700CC8CE9 /* main.m */ = {isa = PBXFileReference; lastKnownFileType = sourcecode.c.objc; path = main.m; sourceTree = "<group>"; };
		96A3A0AC16121A0700CC8CE9 /* FreeHandDrawing-Prefix.pch */ = {isa = PBXFileReference; lastKnownFileType = sourcecode.c.h; path = "FreeHandDrawing-Prefix.pch"; sourceTree = "<group>"; };
		96A3A0AD16121A0700CC8CE9 /* AppDelegate.h */ = {isa = PBXFileReference; lastKnownFileType = sourcecode.c.h; path = AppDelegate.h; sourceTree = "<group>"; };
		96A3A0AE16121A0700CC8CE9 /* AppDelegate.m */ = {isa = PBXFileReference; lastKnownFileType = sourcecode.c.objc; path = AppDelegate.m; sourceTree = "<group>"; };
		96A3A0B016121A0700CC8CE9 /* Default.png */ = {isa = PBXFileReference; lastKnownFileType = image.png; path = Default.png; sourceTree = "<group>"; };
		96A3A0B216121A0700CC8CE9 /* Default@2x.png */ = {isa = PBXFileReference; lastKnownFileType = image.png; path = "Default@2x.png"; sourceTree = "<group>"; };
		96A3A0B416121A0700CC8CE9 /* Default-568h@2x.png */ = {isa = PBXFileReference; lastKnownFileType = image.png; path = "Default-568h@2x.png"; sourceTree = "<group>"; };
		96A3A0B716121A0700CC8CE9 /* en */ = {isa = PBXFileReference; lastKnownFileType = file.storyboard; name = en; path = en.lproj/MainStoryboard.storyboard; sourceTree = "<group>"; };
		96A3A0B916121A0700CC8CE9 /* MasterViewController.h */ = {isa = PBXFileReference; lastKnownFileType = sourcecode.c.h; path = MasterViewController.h; sourceTree = "<group>"; };
		96A3A0BA16121A0700CC8CE9 /* MasterViewController.m */ = {isa = PBXFileReference; lastKnownFileType = sourcecode.c.objc; path = MasterViewController.m; sourceTree = "<group>"; };
		96A3A0BC16121A0700CC8CE9 /* DetailViewController.h */ = {isa = PBXFileReference; lastKnownFileType = sourcecode.c.h; path = DetailViewController.h; sourceTree = "<group>"; };
		96A3A0BD16121A0700CC8CE9 /* DetailViewController.m */ = {isa = PBXFileReference; lastKnownFileType = sourcecode.c.objc; path = DetailViewController.m; sourceTree = "<group>"; };
		96A3A0C416121D4900CC8CE9 /* README.md */ = {isa = PBXFileReference; fileEncoding = 4; lastKnownFileType = text; path = README.md; sourceTree = "<group>"; };
/* End PBXFileReference section */

/* Begin PBXFrameworksBuildPhase section */
		96A3A09716121A0700CC8CE9 /* Frameworks */ = {
			isa = PBXFrameworksBuildPhase;
			buildActionMask = 2147483647;
			files = (
				9698107D1613090100819D10 /* QuartzCore.framework in Frameworks */,
				96A3A09F16121A0700CC8CE9 /* UIKit.framework in Frameworks */,
				96A3A0A116121A0700CC8CE9 /* Foundation.framework in Frameworks */,
				96A3A0A316121A0700CC8CE9 /* CoreGraphics.framework in Frameworks */,
			);
			runOnlyForDeploymentPostprocessing = 0;
		};
/* End PBXFrameworksBuildPhase section */

/* Begin PBXGroup section */
		966FA3771615908600A1C5F2 /* OwnTests */ = {
			isa = PBXGroup;
			children = (
				9695115B1615C7050032397D /* PaintSuperview.h */,
				9695115C1615C7050032397D /* PaintSuperview.m */,
				966FA3781615912F00A1C5F2 /* DrawLinesTest.h */,
				966FA3791615912F00A1C5F2 /* DrawLinesTest.m */,
				966FA37B161591C800A1C5F2 /* SmoothLineView.h */,
				966FA37C161591C800A1C5F2 /* SmoothLineView.m */,
				966FA37E161592B000A1C5F2 /* SmoothLineViewBuffer.h */,
				966FA37F161592B000A1C5F2 /* SmoothLineViewBuffer.m */,
				966FA3811615932300A1C5F2 /* PaintingSampleSmoothView.h */,
				966FA3821615932300A1C5F2 /* PaintingSampleSmoothView.m */,
				966FA3841615937600A1C5F2 /* ArrayDrawingView.h */,
				966FA3851615937600A1C5F2 /* ArrayDrawingView.m */,
			);
			name = OwnTests;
			sourceTree = "<group>";
		};
		966FA3C71615943900A1C5F2 /* Products */ = {
			isa = PBXGroup;
			children = (
				966FA3CF1615943900A1C5F2 /* Smooth Line View.app */,
			);
			name = Products;
			sourceTree = "<group>";
		};
		966FA3D11615946E00A1C5F2 /* Products */ = {
			isa = PBXGroup;
			children = (
				966FA3D91615946E00A1C5F2 /* PathHitTesting.app */,
			);
			name = Products;
			sourceTree = "<group>";
		};
		966FA3DB1615947500A1C5F2 /* Products */ = {
			isa = PBXGroup;
			children = (
				966FA3E31615947500A1C5F2 /* drawing.app */,
			);
			name = Products;
			sourceTree = "<group>";
		};
		966FA3E51615947900A1C5F2 /* Products */ = {
			isa = PBXGroup;
			children = (
				966FA3ED1615947A00A1C5F2 /* DrawLines.app */,
			);
			name = Products;
			sourceTree = "<group>";
		};
		966FA3EF1615947F00A1C5F2 /* Products */ = {
			isa = PBXGroup;
			children = (
				966FA3F71615947F00A1C5F2 /* GLPaint.app */,
			);
			name = Products;
			sourceTree = "<group>";
		};
		966FA3F91615948300A1C5F2 /* Products */ = {
			isa = PBXGroup;
			children = (
				966FA4011615948300A1C5F2 /* LineSmoothing.app */,
			);
			name = Products;
			sourceTree = "<group>";
		};
		966FA4031615948700A1C5F2 /* Products */ = {
			isa = PBXGroup;
			children = (
				966FA40B1615948700A1C5F2 /* PaintingSample.app */,
			);
			name = Products;
			sourceTree = "<group>";
		};
		966FA40D1615949200A1C5F2 /* Products */ = {
			isa = PBXGroup;
			children = (
				966FA4151615949200A1C5F2 /* RedoUndo.app */,
			);
			name = Products;
			sourceTree = "<group>";
		};
		966FA4171615949700A1C5F2 /* Products */ = {
			isa = PBXGroup;
			children = (
				966FA41F1615949700A1C5F2 /* Smooth Drawing.app */,
			);
			name = Products;
			sourceTree = "<group>";
		};
		9698107E1613097500819D10 /* ThirdParty */ = {
			isa = PBXGroup;
			children = (
				9698129B1613097500819D10 /* SUMMARY */,
				966FA4161615949700A1C5F2 /* Smooth Drawing.xcodeproj */,
				966FA40C1615949200A1C5F2 /* RedoUndo.xcodeproj */,
				966FA4021615948700A1C5F2 /* PaintingSample.xcodeproj */,
				966FA3F81615948300A1C5F2 /* LineSmoothing.xcodeproj */,
				966FA3EE1615947F00A1C5F2 /* GLPaint.xcodeproj */,
				966FA3E41615947900A1C5F2 /* DrawLines.xcodeproj */,
				966FA3DA1615947500A1C5F2 /* drawing.xcodeproj */,
				966FA3D01615946E00A1C5F2 /* PathHitTesting.xcodeproj */,
				966FA3C61615943900A1C5F2 /* Smooth Line View.xcodeproj */,
			);
			path = ThirdParty;
			sourceTree = "<group>";
		};
		96A3A08F16121A0600CC8CE9 = {
			isa = PBXGroup;
			children = (
				96A3A0C416121D4900CC8CE9 /* README.md */,
				9698107E1613097500819D10 /* ThirdParty */,
				96A3A0A416121A0700CC8CE9 /* FreeHandDrawing */,
				96A3A09D16121A0700CC8CE9 /* Frameworks */,
				96A3A09B16121A0700CC8CE9 /* Products */,
			);
			sourceTree = "<group>";
		};
		96A3A09B16121A0700CC8CE9 /* Products */ = {
			isa = PBXGroup;
			children = (
				96A3A09A16121A0700CC8CE9 /* FreeHandDrawing.app */,
			);
			name = Products;
			sourceTree = "<group>";
		};
		96A3A09D16121A0700CC8CE9 /* Frameworks */ = {
			isa = PBXGroup;
			children = (
				9698107C1613090100819D10 /* QuartzCore.framework */,
				96A3A09E16121A0700CC8CE9 /* UIKit.framework */,
				96A3A0A016121A0700CC8CE9 /* Foundation.framework */,
				96A3A0A216121A0700CC8CE9 /* CoreGraphics.framework */,
			);
			name = Frameworks;
			sourceTree = "<group>";
		};
		96A3A0A416121A0700CC8CE9 /* FreeHandDrawing */ = {
			isa = PBXGroup;
			children = (
				966FA3771615908600A1C5F2 /* OwnTests */,
				96A3A0AD16121A0700CC8CE9 /* AppDelegate.h */,
				96A3A0AE16121A0700CC8CE9 /* AppDelegate.m */,
				96A3A0B616121A0700CC8CE9 /* MainStoryboard.storyboard */,
				96A3A0B916121A0700CC8CE9 /* MasterViewController.h */,
				96A3A0BA16121A0700CC8CE9 /* MasterViewController.m */,
				96A3A0BC16121A0700CC8CE9 /* DetailViewController.h */,
				96A3A0BD16121A0700CC8CE9 /* DetailViewController.m */,
				96A3A0A516121A0700CC8CE9 /* Supporting Files */,
			);
			path = FreeHandDrawing;
			sourceTree = "<group>";
		};
		96A3A0A516121A0700CC8CE9 /* Supporting Files */ = {
			isa = PBXGroup;
			children = (
				96A3A0A616121A0700CC8CE9 /* FreeHandDrawing-Info.plist */,
				96A3A0A716121A0700CC8CE9 /* InfoPlist.strings */,
				96A3A0AA16121A0700CC8CE9 /* main.m */,
				96A3A0AC16121A0700CC8CE9 /* FreeHandDrawing-Prefix.pch */,
				96A3A0B016121A0700CC8CE9 /* Default.png */,
				96A3A0B216121A0700CC8CE9 /* Default@2x.png */,
				96A3A0B416121A0700CC8CE9 /* Default-568h@2x.png */,
			);
			name = "Supporting Files";
			sourceTree = "<group>";
		};
/* End PBXGroup section */

/* Begin PBXNativeTarget section */
		96A3A09916121A0700CC8CE9 /* FreeHandDrawing */ = {
			isa = PBXNativeTarget;
			buildConfigurationList = 96A3A0C116121A0700CC8CE9 /* Build configuration list for PBXNativeTarget "FreeHandDrawing" */;
			buildPhases = (
				96A3A09616121A0700CC8CE9 /* Sources */,
				96A3A09716121A0700CC8CE9 /* Frameworks */,
				96A3A09816121A0700CC8CE9 /* Resources */,
			);
			buildRules = (
			);
			dependencies = (
			);
			name = FreeHandDrawing;
			productName = FreeHandDrawing;
			productReference = 96A3A09A16121A0700CC8CE9 /* FreeHandDrawing.app */;
			productType = "com.apple.product-type.application";
		};
/* End PBXNativeTarget section */

/* Begin PBXProject section */
		96A3A09116121A0600CC8CE9 /* Project object */ = {
			isa = PBXProject;
			attributes = {
				LastUpgradeCheck = 0450;
			};
			buildConfigurationList = 96A3A09416121A0600CC8CE9 /* Build configuration list for PBXProject "FreeHandDrawing" */;
			compatibilityVersion = "Xcode 3.2";
			developmentRegion = English;
			hasScannedForEncodings = 0;
			knownRegions = (
				en,
			);
			mainGroup = 96A3A08F16121A0600CC8CE9;
			productRefGroup = 96A3A09B16121A0700CC8CE9 /* Products */;
			projectDirPath = "";
			projectReferences = (
				{
					ProductGroup = 966FA3DB1615947500A1C5F2 /* Products */;
					ProjectRef = 966FA3DA1615947500A1C5F2 /* drawing.xcodeproj */;
				},
				{
					ProductGroup = 966FA3E51615947900A1C5F2 /* Products */;
					ProjectRef = 966FA3E41615947900A1C5F2 /* DrawLines.xcodeproj */;
				},
				{
					ProductGroup = 966FA3EF1615947F00A1C5F2 /* Products */;
					ProjectRef = 966FA3EE1615947F00A1C5F2 /* GLPaint.xcodeproj */;
				},
				{
					ProductGroup = 966FA3F91615948300A1C5F2 /* Products */;
					ProjectRef = 966FA3F81615948300A1C5F2 /* LineSmoothing.xcodeproj */;
				},
				{
					ProductGroup = 966FA4031615948700A1C5F2 /* Products */;
					ProjectRef = 966FA4021615948700A1C5F2 /* PaintingSample.xcodeproj */;
				},
				{
					ProductGroup = 966FA3D11615946E00A1C5F2 /* Products */;
					ProjectRef = 966FA3D01615946E00A1C5F2 /* PathHitTesting.xcodeproj */;
				},
				{
					ProductGroup = 966FA40D1615949200A1C5F2 /* Products */;
					ProjectRef = 966FA40C1615949200A1C5F2 /* RedoUndo.xcodeproj */;
				},
				{
					ProductGroup = 966FA4171615949700A1C5F2 /* Products */;
					ProjectRef = 966FA4161615949700A1C5F2 /* Smooth Drawing.xcodeproj */;
				},
				{
					ProductGroup = 966FA3C71615943900A1C5F2 /* Products */;
					ProjectRef = 966FA3C61615943900A1C5F2 /* Smooth Line View.xcodeproj */;
				},
			);
			projectRoot = "";
			targets = (
				96A3A09916121A0700CC8CE9 /* FreeHandDrawing */,
			);
		};
/* End PBXProject section */

/* Begin PBXReferenceProxy section */
		966FA3CF1615943900A1C5F2 /* Smooth Line View.app */ = {
			isa = PBXReferenceProxy;
			fileType = wrapper.application;
			path = "Smooth Line View.app";
			remoteRef = 966FA3CE1615943900A1C5F2 /* PBXContainerItemProxy */;
			sourceTree = BUILT_PRODUCTS_DIR;
		};
		966FA3D91615946E00A1C5F2 /* PathHitTesting.app */ = {
			isa = PBXReferenceProxy;
			fileType = wrapper.application;
			path = PathHitTesting.app;
			remoteRef = 966FA3D81615946E00A1C5F2 /* PBXContainerItemProxy */;
			sourceTree = BUILT_PRODUCTS_DIR;
		};
		966FA3E31615947500A1C5F2 /* drawing.app */ = {
			isa = PBXReferenceProxy;
			fileType = wrapper.application;
			path = drawing.app;
			remoteRef = 966FA3E21615947500A1C5F2 /* PBXContainerItemProxy */;
			sourceTree = BUILT_PRODUCTS_DIR;
		};
		966FA3ED1615947A00A1C5F2 /* DrawLines.app */ = {
			isa = PBXReferenceProxy;
			fileType = wrapper.application;
			path = DrawLines.app;
			remoteRef = 966FA3EC1615947A00A1C5F2 /* PBXContainerItemProxy */;
			sourceTree = BUILT_PRODUCTS_DIR;
		};
		966FA3F71615947F00A1C5F2 /* GLPaint.app */ = {
			isa = PBXReferenceProxy;
			fileType = wrapper.application;
			path = GLPaint.app;
			remoteRef = 966FA3F61615947F00A1C5F2 /* PBXContainerItemProxy */;
			sourceTree = BUILT_PRODUCTS_DIR;
		};
		966FA4011615948300A1C5F2 /* LineSmoothing.app */ = {
			isa = PBXReferenceProxy;
			fileType = wrapper.application;
			path = LineSmoothing.app;
			remoteRef = 966FA4001615948300A1C5F2 /* PBXContainerItemProxy */;
			sourceTree = BUILT_PRODUCTS_DIR;
		};
		966FA40B1615948700A1C5F2 /* PaintingSample.app */ = {
			isa = PBXReferenceProxy;
			fileType = wrapper.application;
			path = PaintingSample.app;
			remoteRef = 966FA40A1615948700A1C5F2 /* PBXContainerItemProxy */;
			sourceTree = BUILT_PRODUCTS_DIR;
		};
		966FA4151615949200A1C5F2 /* RedoUndo.app */ = {
			isa = PBXReferenceProxy;
			fileType = wrapper.application;
			path = RedoUndo.app;
			remoteRef = 966FA4141615949200A1C5F2 /* PBXContainerItemProxy */;
			sourceTree = BUILT_PRODUCTS_DIR;
		};
		966FA41F1615949700A1C5F2 /* Smooth Drawing.app */ = {
			isa = PBXReferenceProxy;
			fileType = wrapper.application;
			path = "Smooth Drawing.app";
			remoteRef = 966FA41E1615949700A1C5F2 /* PBXContainerItemProxy */;
			sourceTree = BUILT_PRODUCTS_DIR;
		};
/* End PBXReferenceProxy section */

/* Begin PBXResourcesBuildPhase section */
		96A3A09816121A0700CC8CE9 /* Resources */ = {
			isa = PBXResourcesBuildPhase;
			buildActionMask = 2147483647;
			files = (
				96A3A0A916121A0700CC8CE9 /* InfoPlist.strings in Resources */,
				96A3A0B116121A0700CC8CE9 /* Default.png in Resources */,
				96A3A0B316121A0700CC8CE9 /* Default@2x.png in Resources */,
				96A3A0B516121A0700CC8CE9 /* Default-568h@2x.png in Resources */,
				96A3A0B816121A0700CC8CE9 /* MainStoryboard.storyboard in Resources */,
				96A3A0C516121D4900CC8CE9 /* README.md in Resources */,
			);
			runOnlyForDeploymentPostprocessing = 0;
		};
/* End PBXResourcesBuildPhase section */

/* Begin PBXSourcesBuildPhase section */
		96A3A09616121A0700CC8CE9 /* Sources */ = {
			isa = PBXSourcesBuildPhase;
			buildActionMask = 2147483647;
			files = (
				96A3A0AB16121A0700CC8CE9 /* main.m in Sources */,
				96A3A0AF16121A0700CC8CE9 /* AppDelegate.m in Sources */,
				96A3A0BB16121A0700CC8CE9 /* MasterViewController.m in Sources */,
				96A3A0BE16121A0700CC8CE9 /* DetailViewController.m in Sources */,
				966FA37A1615912F00A1C5F2 /* DrawLinesTest.m in Sources */,
				966FA37D161591C800A1C5F2 /* SmoothLineView.m in Sources */,
				966FA380161592B000A1C5F2 /* SmoothLineViewBuffer.m in Sources */,
				966FA3831615932300A1C5F2 /* PaintingSampleSmoothView.m in Sources */,
				966FA3861615937600A1C5F2 /* ArrayDrawingView.m in Sources */,
				9695115D1615C7060032397D /* PaintSuperview.m in Sources */,
			);
			runOnlyForDeploymentPostprocessing = 0;
		};
/* End PBXSourcesBuildPhase section */

/* Begin PBXVariantGroup section */
		96A3A0A716121A0700CC8CE9 /* InfoPlist.strings */ = {
			isa = PBXVariantGroup;
			children = (
				96A3A0A816121A0700CC8CE9 /* en */,
			);
			name = InfoPlist.strings;
			sourceTree = "<group>";
		};
		96A3A0B616121A0700CC8CE9 /* MainStoryboard.storyboard */ = {
			isa = PBXVariantGroup;
			children = (
				96A3A0B716121A0700CC8CE9 /* en */,
			);
			name = MainStoryboard.storyboard;
			sourceTree = "<group>";
		};
/* End PBXVariantGroup section */

/* Begin XCBuildConfiguration section */
		96A3A0BF16121A0700CC8CE9 /* Debug */ = {
			isa = XCBuildConfiguration;
			buildSettings = {
				ALWAYS_SEARCH_USER_PATHS = NO;
				CLANG_CXX_LANGUAGE_STANDARD = "gnu++0x";
				CLANG_CXX_LIBRARY = "libc++";
				CLANG_ENABLE_OBJC_ARC = YES;
				CLANG_WARN_EMPTY_BODY = YES;
				CLANG_WARN__DUPLICATE_METHOD_MATCH = YES;
				"CODE_SIGN_IDENTITY[sdk=iphoneos*]" = "iPhone Developer";
				COPY_PHASE_STRIP = NO;
				GCC_C_LANGUAGE_STANDARD = gnu99;
				GCC_DYNAMIC_NO_PIC = NO;
				GCC_OPTIMIZATION_LEVEL = 0;
				GCC_PREPROCESSOR_DEFINITIONS = (
					"DEBUG=1",
					"$(inherited)",
				);
				GCC_SYMBOLS_PRIVATE_EXTERN = NO;
				GCC_WARN_ABOUT_RETURN_TYPE = YES;
				GCC_WARN_UNINITIALIZED_AUTOS = YES;
				GCC_WARN_UNUSED_VARIABLE = YES;
				IPHONEOS_DEPLOYMENT_TARGET = 6.0;
				SDKROOT = iphoneos;
				TARGETED_DEVICE_FAMILY = 2;
			};
			name = Debug;
		};
		96A3A0C016121A0700CC8CE9 /* Release */ = {
			isa = XCBuildConfiguration;
			buildSettings = {
				ALWAYS_SEARCH_USER_PATHS = NO;
				CLANG_CXX_LANGUAGE_STANDARD = "gnu++0x";
				CLANG_CXX_LIBRARY = "libc++";
				CLANG_ENABLE_OBJC_ARC = YES;
				CLANG_WARN_EMPTY_BODY = YES;
				CLANG_WARN__DUPLICATE_METHOD_MATCH = YES;
				"CODE_SIGN_IDENTITY[sdk=iphoneos*]" = "iPhone Developer";
				COPY_PHASE_STRIP = YES;
				GCC_C_LANGUAGE_STANDARD = gnu99;
				GCC_WARN_ABOUT_RETURN_TYPE = YES;
				GCC_WARN_UNINITIALIZED_AUTOS = YES;
				GCC_WARN_UNUSED_VARIABLE = YES;
				IPHONEOS_DEPLOYMENT_TARGET = 6.0;
				OTHER_CFLAGS = "-DNS_BLOCK_ASSERTIONS=1";
				SDKROOT = iphoneos;
				TARGETED_DEVICE_FAMILY = 2;
				VALIDATE_PRODUCT = YES;
			};
			name = Release;
		};
		96A3A0C216121A0700CC8CE9 /* Debug */ = {
			isa = XCBuildConfiguration;
			buildSettings = {
				"CODE_SIGN_IDENTITY[sdk=iphoneos*]" = "iPhone Developer: Sebastian Kruschwitz (AQU75NW86Z)";
				GCC_PRECOMPILE_PREFIX_HEADER = YES;
				GCC_PREFIX_HEADER = "FreeHandDrawing/FreeHandDrawing-Prefix.pch";
				INFOPLIST_FILE = "FreeHandDrawing/FreeHandDrawing-Info.plist";
				IPHONEOS_DEPLOYMENT_TARGET = 5.0;
				PRODUCT_NAME = "$(TARGET_NAME)";
				"PROVISIONING_PROFILE[sdk=iphoneos*]" = "EBA8164A-329A-4952-9183-61BE3265C2B9";
				WRAPPER_EXTENSION = app;
			};
			name = Debug;
		};
		96A3A0C316121A0700CC8CE9 /* Release */ = {
			isa = XCBuildConfiguration;
			buildSettings = {
				"CODE_SIGN_IDENTITY[sdk=iphoneos*]" = "iPhone Developer: Sebastian Kruschwitz (756H674XWG)";
				GCC_PRECOMPILE_PREFIX_HEADER = YES;
				GCC_PREFIX_HEADER = "FreeHandDrawing/FreeHandDrawing-Prefix.pch";
				INFOPLIST_FILE = "FreeHandDrawing/FreeHandDrawing-Info.plist";
				IPHONEOS_DEPLOYMENT_TARGET = 5.0;
				PRODUCT_NAME = "$(TARGET_NAME)";
				"PROVISIONING_PROFILE[sdk=iphoneos*]" = "34229515-79FB-4E5E-9860-D110159FA804";
				WRAPPER_EXTENSION = app;
			};
			name = Release;
		};
/* End XCBuildConfiguration section */

/* Begin XCConfigurationList section */
		96A3A09416121A0600CC8CE9 /* Build configuration list for PBXProject "FreeHandDrawing" */ = {
			isa = XCConfigurationList;
			buildConfigurations = (
				96A3A0BF16121A0700CC8CE9 /* Debug */,
				96A3A0C016121A0700CC8CE9 /* Release */,
			);
			defaultConfigurationIsVisible = 0;
			defaultConfigurationName = Release;
		};
		96A3A0C116121A0700CC8CE9 /* Build configuration list for PBXNativeTarget "FreeHandDrawing" */ = {
			isa = XCConfigurationList;
			buildConfigurations = (
				96A3A0C216121A0700CC8CE9 /* Debug */,
				96A3A0C316121A0700CC8CE9 /* Release */,
			);
			defaultConfigurationIsVisible = 0;
			defaultConfigurationName = Release;
		};
/* End XCConfigurationList section */
	};
	rootObject = 96A3A09116121A0600CC8CE9 /* Project object */;
}
